// !$*UTF8*$!
{
	archiveVersion = 1;
	classes = {
	};
	objectVersion = 48;
	objects = {

/* Begin PBXBuildFile section */
		493F6BF520032B8A00DEEA07 /* TouchInfoView.swift in Sources */ = {isa = PBXBuildFile; fileRef = 493F6BF420032B8A00DEEA07 /* TouchInfoView.swift */; };
		49965B4F1FFB474C00B41D96 /* AppDelegate.swift in Sources */ = {isa = PBXBuildFile; fileRef = 49965B4E1FFB474C00B41D96 /* AppDelegate.swift */; };
		49965B511FFB474C00B41D96 /* ViewController.swift in Sources */ = {isa = PBXBuildFile; fileRef = 49965B501FFB474C00B41D96 /* ViewController.swift */; };
		49965B541FFB474C00B41D96 /* Main.storyboard in Resources */ = {isa = PBXBuildFile; fileRef = 49965B521FFB474C00B41D96 /* Main.storyboard */; };
		49965B561FFB474C00B41D96 /* Assets.xcassets in Resources */ = {isa = PBXBuildFile; fileRef = 49965B551FFB474C00B41D96 /* Assets.xcassets */; };
		49965B591FFB474C00B41D96 /* LaunchScreen.storyboard in Resources */ = {isa = PBXBuildFile; fileRef = 49965B571FFB474C00B41D96 /* LaunchScreen.storyboard */; };
/* End PBXBuildFile section */

/* Begin PBXFileReference section */
		493F6BF420032B8A00DEEA07 /* TouchInfoView.swift */ = {isa = PBXFileReference; lastKnownFileType = sourcecode.swift; path = TouchInfoView.swift; sourceTree = "<group>"; };
		49965B4B1FFB474C00B41D96 /* testPenRadius.app */ = {isa = PBXFileReference; explicitFileType = wrapper.application; includeInIndex = 0; path = testPenRadius.app; sourceTree = BUILT_PRODUCTS_DIR; };
		49965B4E1FFB474C00B41D96 /* AppDelegate.swift */ = {isa = PBXFileReference; lastKnownFileType = sourcecode.swift; path = AppDelegate.swift; sourceTree = "<group>"; };
		49965B501FFB474C00B41D96 /* ViewController.swift */ = {isa = PBXFileReference; lastKnownFileType = sourcecode.swift; path = ViewController.swift; sourceTree = "<group>"; };
		49965B531FFB474C00B41D96 /* Base */ = {isa = PBXFileReference; lastKnownFileType = file.storyboard; name = Base; path = Base.lproj/Main.storyboard; sourceTree = "<group>"; };
		49965B551FFB474C00B41D96 /* Assets.xcassets */ = {isa = PBXFileReference; lastKnownFileType = folder.assetcatalog; path = Assets.xcassets; sourceTree = "<group>"; };
		49965B581FFB474C00B41D96 /* Base */ = {isa = PBXFileReference; lastKnownFileType = file.storyboard; name = Base; path = Base.lproj/LaunchScreen.storyboard; sourceTree = "<group>"; };
		49965B5A1FFB474C00B41D96 /* Info.plist */ = {isa = PBXFileReference; lastKnownFileType = text.plist.xml; path = Info.plist; sourceTree = "<group>"; };
/* End PBXFileReference section */

/* Begin PBXFrameworksBuildPhase section */
		49965B481FFB474C00B41D96 /* Frameworks */ = {
			isa = PBXFrameworksBuildPhase;
			buildActionMask = 2147483647;
			files = (
			);
			runOnlyForDeploymentPostprocessing = 0;
		};
/* End PBXFrameworksBuildPhase section */

/* Begin PBXGroup section */
		49965B421FFB474C00B41D96 = {
			isa = PBXGroup;
			children = (
				49965B4D1FFB474C00B41D96 /* testPenRadius */,
				49965B4C1FFB474C00B41D96 /* Products */,
			);
			sourceTree = "<group>";
		};
		49965B4C1FFB474C00B41D96 /* Products */ = {
			isa = PBXGroup;
			children = (
				49965B4B1FFB474C00B41D96 /* testPenRadius.app */,
			);
			name = Products;
			sourceTree = "<group>";
		};
		49965B4D1FFB474C00B41D96 /* testPenRadius */ = {
			isa = PBXGroup;
			children = (
				49965B4E1FFB474C00B41D96 /* AppDelegate.swift */,
				49965B501FFB474C00B41D96 /* ViewController.swift */,
				49965B521FFB474C00B41D96 /* Main.storyboard */,
				49965B551FFB474C00B41D96 /* Assets.xcassets */,
				49965B571FFB474C00B41D96 /* LaunchScreen.storyboard */,
				49965B5A1FFB474C00B41D96 /* Info.plist */,
				493F6BF420032B8A00DEEA07 /* TouchInfoView.swift */,
			);
			path = testPenRadius;
			sourceTree = "<group>";
		};
/* End PBXGroup section */

/* Begin PBXNativeTarget section */
		49965B4A1FFB474C00B41D96 /* testPenRadius */ = {
			isa = PBXNativeTarget;
			buildConfigurationList = 49965B5D1FFB474C00B41D96 /* Build configuration list for PBXNativeTarget "testPenRadius" */;
			buildPhases = (
				49965B471FFB474C00B41D96 /* Sources */,
				49965B481FFB474C00B41D96 /* Frameworks */,
				49965B491FFB474C00B41D96 /* Resources */,
			);
			buildRules = (
			);
			dependencies = (
			);
			name = testPenRadius;
			productName = testPenRadius;
			productReference = 49965B4B1FFB474C00B41D96 /* testPenRadius.app */;
			productType = "com.apple.product-type.application";
		};
/* End PBXNativeTarget section */

/* Begin PBXProject section */
		49965B431FFB474C00B41D96 /* Project object */ = {
			isa = PBXProject;
			attributes = {
				LastSwiftUpdateCheck = 0920;
				LastUpgradeCheck = 0920;
				ORGANIZATIONNAME = "Water Lou";
				TargetAttributes = {
					49965B4A1FFB474C00B41D96 = {
						CreatedOnToolsVersion = 9.2;
						ProvisioningStyle = Automatic;
					};
				};
			};
			buildConfigurationList = 49965B461FFB474C00B41D96 /* Build configuration list for PBXProject "testPenRadius" */;
			compatibilityVersion = "Xcode 8.0";
			developmentRegion = en;
			hasScannedForEncodings = 0;
			knownRegions = (
				en,
				Base,
			);
			mainGroup = 49965B421FFB474C00B41D96;
			productRefGroup = 49965B4C1FFB474C00B41D96 /* Products */;
			projectDirPath = "";
			projectRoot = "";
			targets = (
				49965B4A1FFB474C00B41D96 /* testPenRadius */,
			);
		};
/* End PBXProject section */

/* Begin PBXResourcesBuildPhase section */
		49965B491FFB474C00B41D96 /* Resources */ = {
			isa = PBXResourcesBuildPhase;
			buildActionMask = 2147483647;
			files = (
				49965B591FFB474C00B41D96 /* LaunchScreen.storyboard in Resources */,
				49965B561FFB474C00B41D96 /* Assets.xcassets in Resources */,
				49965B541FFB474C00B41D96 /* Main.storyboard in Resources */,
			);
			runOnlyForDeploymentPostprocessing = 0;
		};
/* End PBXResourcesBuildPhase section */

/* Begin PBXSourcesBuildPhase section */
		49965B471FFB474C00B41D96 /* Sources */ = {
			isa = PBXSourcesBuildPhase;
			buildActionMask = 2147483647;
			files = (
				493F6BF520032B8A00DEEA07 /* TouchInfoView.swift in Sources */,
				49965B511FFB474C00B41D96 /* ViewController.swift in Sources */,
				49965B4F1FFB474C00B41D96 /* AppDelegate.swift in Sources */,
			);
			runOnlyForDeploymentPostprocessing = 0;
		};
/* End PBXSourcesBuildPhase section */

/* Begin PBXVariantGroup section */
		49965B521FFB474C00B41D96 /* Main.storyboard */ = {
			isa = PBXVariantGroup;
			children = (
				49965B531FFB474C00B41D96 /* Base */,
			);
			name = Main.storyboard;
			sourceTree = "<group>";
		};
		49965B571FFB474C00B41D96 /* LaunchScreen.storyboard */ = {
			isa = PBXVariantGroup;
			children = (
				49965B581FFB474C00B41D96 /* Base */,
			);
			name = LaunchScreen.storyboard;
			sourceTree = "<group>";
		};
/* End PBXVariantGroup section */

/* Begin XCBuildConfiguration section */
		49965B5B1FFB474C00B41D96 /* Debug */ = {
			isa = XCBuildConfiguration;
			buildSettings = {
				ALWAYS_SEARCH_USER_PATHS = NO;
				CLANG_ANALYZER_NONNULL = YES;
				CLANG_ANALYZER_NUMBER_OBJECT_CONVERSION = YES_AGGRESSIVE;
				CLANG_CXX_LANGUAGE_STANDARD = "gnu++14";
				CLANG_CXX_LIBRARY = "libc++";
				CLANG_ENABLE_MODULES = YES;
				CLANG_ENABLE_OBJC_ARC = YES;
				CLANG_WARN_BLOCK_CAPTURE_AUTORELEASING = YES;
				CLANG_WARN_BOOL_CONVERSION = YES;
				CLANG_WARN_COMMA = YES;
				CLANG_WARN_CONSTANT_CONVERSION = YES;
				CLANG_WARN_DIRECT_OBJC_ISA_USAGE = YES_ERROR;
				CLANG_WARN_DOCUMENTATION_COMMENTS = YES;
				CLANG_WARN_EMPTY_BODY = YES;
				CLANG_WARN_ENUM_CONVERSION = YES;
				CLANG_WARN_INFINITE_RECURSION = YES;
				CLANG_WARN_INT_CONVERSION = YES;
				CLANG_WARN_NON_LITERAL_NULL_CONVERSION = YES;
				CLANG_WARN_OBJC_LITERAL_CONVERSION = YES;
				CLANG_WARN_OBJC_ROOT_CLASS = YES_ERROR;
				CLANG_WARN_RANGE_LOOP_ANALYSIS = YES;
				CLANG_WARN_STRICT_PROTOTYPES = YES;
				CLANG_WARN_SUSPICIOUS_MOVE = YES;
				CLANG_WARN_UNGUARDED_AVAILABILITY = YES_AGGRESSIVE;
				CLANG_WARN_UNREACHABLE_CODE = YES;
				CLANG_WARN__DUPLICATE_METHOD_MATCH = YES;
				CODE_SIGN_IDENTITY = "iPhone Developer";
				COPY_PHASE_STRIP = NO;
				DEBUG_INFORMATION_FORMAT = dwarf;
				ENABLE_STRICT_OBJC_MSGSEND = YES;
				ENABLE_TESTABILITY = YES;
				GCC_C_LANGUAGE_STANDARD = gnu11;
				GCC_DYNAMIC_NO_PIC = NO;
				GCC_NO_COMMON_BLOCKS = YES;
				GCC_OPTIMIZATION_LEVEL = 0;
				GCC_PREPROCESSOR_DEFINITIONS = (
					"DEBUG=1",
					"$(inherited)",
				);
				GCC_WARN_64_TO_32_BIT_CONVERSION = YES;
				GCC_WARN_ABOUT_RETURN_TYPE = YES_ERROR;
				GCC_WARN_UNDECLARED_SELECTOR = YES;
				GCC_WARN_UNINITIALIZED_AUTOS = YES_AGGRESSIVE;
				GCC_WARN_UNUSED_FUNCTION = YES;
				GCC_WARN_UNUSED_VARIABLE = YES;
				IPHONEOS_DEPLOYMENT_TARGET = 11.2;
				MTL_ENABLE_DEBUG_INFO = YES;
				ONLY_ACTIVE_ARCH = YES;
				SDKROOT = iphoneos;
				SWIFT_ACTIVE_COMPILATION_CONDITIONS = DEBUG;
				SWIFT_OPTIMIZATION_LEVEL = "-Onone";
			};
			name = Debug;
		};
		49965B5C1FFB474C00B41D96 /* Release */ = {
			isa = XCBuildConfiguration;
			buildSettings = {
				ALWAYS_SEARCH_USER_PATHS = NO;
				CLANG_ANALYZER_NONNULL = YES;
				CLANG_ANALYZER_NUMBER_OBJECT_CONVERSION = YES_AGGRESSIVE;
				CLANG_CXX_LANGUAGE_STANDARD = "gnu++14";
				CLANG_CXX_LIBRARY = "libc++";
				CLANG_ENABLE_MODULES = YES;
				CLANG_ENABLE_OBJC_ARC = YES;
				CLANG_WARN_BLOCK_CAPTURE_AUTORELEASING = YES;
				CLANG_WARN_BOOL_CONVERSION = YES;
				CLANG_WARN_COMMA = YES;
				CLANG_WARN_CONSTANT_CONVERSION = YES;
				CLANG_WARN_DIRECT_OBJC_ISA_USAGE = YES_ERROR;
				CLANG_WARN_DOCUMENTATION_COMMENTS = YES;
				CLANG_WARN_EMPTY_BODY = YES;
				CLANG_WARN_ENUM_CONVERSION = YES;
				CLANG_WARN_INFINITE_RECURSION = YES;
				CLANG_WARN_INT_CONVERSION = YES;
				CLANG_WARN_NON_LITERAL_NULL_CONVERSION = YES;
				CLANG_WARN_OBJC_LITERAL_CONVERSION = YES;
				CLANG_WARN_OBJC_ROOT_CLASS = YES_ERROR;
				CLANG_WARN_RANGE_LOOP_ANALYSIS = YES;
				CLANG_WARN_STRICT_PROTOTYPES = YES;
				CLANG_WARN_SUSPICIOUS_MOVE = YES;
				CLANG_WARN_UNGUARDED_AVAILABILITY = YES_AGGRESSIVE;
				CLANG_WARN_UNREACHABLE_CODE = YES;
				CLANG_WARN__DUPLICATE_METHOD_MATCH = YES;
				CODE_SIGN_IDENTITY = "iPhone Developer";
				COPY_PHASE_STRIP = NO;
				DEBUG_INFORMATION_FORMAT = "dwarf-with-dsym";
				ENABLE_NS_ASSERTIONS = NO;
				ENABLE_STRICT_OBJC_MSGSEND = YES;
				GCC_C_LANGUAGE_STANDARD = gnu11;
				GCC_NO_COMMON_BLOCKS = YES;
				GCC_WARN_64_TO_32_BIT_CONVERSION = YES;
				GCC_WARN_ABOUT_RETURN_TYPE = YES_ERROR;
				GCC_WARN_UNDECLARED_SELECTOR = YES;
				GCC_WARN_UNINITIALIZED_AUTOS = YES_AGGRESSIVE;
				GCC_WARN_UNUSED_FUNCTION = YES;
				GCC_WARN_UNUSED_VARIABLE = YES;
				IPHONEOS_DEPLOYMENT_TARGET = 11.2;
				MTL_ENABLE_DEBUG_INFO = NO;
				SDKROOT = iphoneos;
				SWIFT_OPTIMIZATION_LEVEL = "-Owholemodule";
				VALIDATE_PRODUCT = YES;
			};
			name = Release;
		};
		49965B5E1FFB474C00B41D96 /* Debug */ = {
			isa = XCBuildConfiguration;
			buildSettings = {
				ASSETCATALOG_COMPILER_APPICON_NAME = AppIcon;
				CODE_SIGN_STYLE = Automatic;
				DEVELOPMENT_TEAM = 2RTG95T48T;
				INFOPLIST_FILE = testPenRadius/Info.plist;
				IPHONEOS_DEPLOYMENT_TARGET = 9.0;
				LD_RUNPATH_SEARCH_PATHS = "$(inherited) @executable_path/Frameworks";
				PRODUCT_BUNDLE_IDENTIFIER = hk.com.waterworld.testPenRadius;
				PRODUCT_NAME = "$(TARGET_NAME)";
				SWIFT_VERSION = 4.0;
				TARGETED_DEVICE_FAMILY = "1,2";
			};
			name = Debug;
		};
		49965B5F1FFB474C00B41D96 /* Release */ = {
			isa = XCBuildConfiguration;
			buildSettings = {
				ASSETCATALOG_COMPILER_APPICON_NAME = AppIcon;
				CODE_SIGN_STYLE = Automatic;
				DEVELOPMENT_TEAM = 2RTG95T48T;
				INFOPLIST_FILE = testPenRadius/Info.plist;
				IPHONEOS_DEPLOYMENT_TARGET = 9.0;
				LD_RUNPATH_SEARCH_PATHS = "$(inherited) @executable_path/Frameworks";
				PRODUCT_BUNDLE_IDENTIFIER = hk.com.waterworld.testPenRadius;
				PRODUCT_NAME = "$(TARGET_NAME)";
				SWIFT_VERSION = 4.0;
				TARGETED_DEVICE_FAMILY = "1,2";
			};
			name = Release;
		};
/* End XCBuildConfiguration section */

/* Begin XCConfigurationList section */
		49965B461FFB474C00B41D96 /* Build configuration list for PBXProject "testPenRadius" */ = {
			isa = XCConfigurationList;
			buildConfigurations = (
				49965B5B1FFB474C00B41D96 /* Debug */,
				49965B5C1FFB474C00B41D96 /* Release */,
			);
			defaultConfigurationIsVisible = 0;
			defaultConfigurationName = Release;
		};
		49965B5D1FFB474C00B41D96 /* Build configuration list for PBXNativeTarget "testPenRadius" */ = {
			isa = XCConfigurationList;
			buildConfigurations = (
				49965B5E1FFB474C00B41D96 /* Debug */,
				49965B5F1FFB474C00B41D96 /* Release */,
			);
			defaultConfigurationIsVisible = 0;
			defaultConfigurationName = Release;
		};
/* End XCConfigurationList section */
	};
	rootObject = 49965B431FFB474C00B41D96 /* Project object */;
}
